
Microsoft Visual Studio Solution File, Format Version 12.00
# Visual Studio Version 17
VisualStudioVersion = 17.8.34408.163
MinimumVisualStudioVersion = 10.0.40219.1
Project("{FAE04EC0-301F-11D3-BF4B-00C04F79EFBC}") = "MathQuiz", "MathQuiz\MathQuiz.csproj", "{96BD5543-5D5F-4259-B67C-3FB59736706D}"
EndProject
Global
	GlobalSection(SolutionConfigurationPlatforms) = preSolution
		Debug|Any CPU = Debug|Any CPU
		Release|Any CPU = Release|Any CPU
	EndGlobalSection
	GlobalSection(ProjectConfigurationPlatforms) = postSolution
		{96BD5543-5D5F-4259-B67C-3FB59736706D}.Debug|Any CPU.ActiveCfg = Debug|Any CPU
		{96BD5543-5D5F-4259-B67C-3FB59736706D}.Debug|Any CPU.Build.0 = Debug|Any CPU
		{96BD5543-5D5F-4259-B67C-3FB59736706D}.Release|Any CPU.ActiveCfg = Release|Any CPU
		{96BD5543-5D5F-4259-B67C-3FB59736706D}.Release|Any CPU.Build.0 = Release|Any CPU
	EndGlobalSection
	GlobalSection(SolutionProperties) = preSolution
		HideSolutionNode = FALSE
	EndGlobalSection
	GlobalSection(ExtensibilityGlobals) = postSolution
		SolutionGuid = {4A9D2FE7-14B6-44A0-AA03-EB964AD1820A}
	EndGlobalSection
EndGlobal
